
Microsoft Visual Studio Solution File, Format Version 12.00
# Visual Studio 15
VisualStudioVersion = 15.0.28010.2036
MinimumVisualStudioVersion = 10.0.40219.1
Project("{FAE04EC0-301F-11D3-BF4B-00C04F79EFBC}") = "GrandCircusLab9", "GrandCircusLab9\GrandCircusLab9.csproj", "{E71FE374-60D0-4A87-98BA-744AA369C5E9}"
EndProject
Global
	GlobalSection(SolutionConfigurationPlatforms) = preSolution
		Debug|Any CPU = Debug|Any CPU
		Release|Any CPU = Release|Any CPU
	EndGlobalSection
	GlobalSection(ProjectConfigurationPlatforms) = postSolution
		{E71FE374-60D0-4A87-98BA-744AA369C5E9}.Debug|Any CPU.ActiveCfg = Debug|Any CPU
		{E71FE374-60D0-4A87-98BA-744AA369C5E9}.Debug|Any CPU.Build.0 = Debug|Any CPU
		{E71FE374-60D0-4A87-98BA-744AA369C5E9}.Release|Any CPU.ActiveCfg = Release|Any CPU
		{E71FE374-60D0-4A87-98BA-744AA369C5E9}.Release|Any CPU.Build.0 = Release|Any CPU
	EndGlobalSection
	GlobalSection(SolutionProperties) = preSolution
		HideSolutionNode = FALSE
	EndGlobalSection
	GlobalSection(ExtensibilityGlobals) = postSolution
		SolutionGuid = {1ADE2CDD-2D9C-48AA-BE7C-3E33A46276AF}
	EndGlobalSection
EndGlobal
